
Microsoft Visual Studio Solution File, Format Version 12.00
# Visual Studio Version 16
VisualStudioVersion = 16.0.29306.81
MinimumVisualStudioVersion = 10.0.40219.1
Project("{FAE04EC0-301F-11D3-BF4B-00C04F79EFBC}") = "04_01HalveKerstboom", "04_01HalveKerstboom\04_01HalveKerstboom.csproj", "{2646E53D-8165-4B5C-8BC8-C43ACFA05F34}"
EndProject
Project("{FAE04EC0-301F-11D3-BF4B-00C04F79EFBC}") = "04_02OmgekeerdeGetal", "04_02OmgekeerdeGetal\04_02OmgekeerdeGetal.csproj", "{8EFE23DC-5341-4A51-A2A7-4D0BC1128AF0}"
EndProject
Project("{FAE04EC0-301F-11D3-BF4B-00C04F79EFBC}") = "04_03BerekenenIntrest", "04_03BerekenenIntrest\04_03BerekenenIntrest.csproj", "{5E7F968A-AE7B-4C76-A535-CDB57D7B8082}"
EndProject
Project("{FAE04EC0-301F-11D3-BF4B-00C04F79EFBC}") = "04_04BerkenenEvenGetallen", "04_04BerkenenEvenGetallen\04_04BerkenenEvenGetallen.csproj", "{C13008BE-B4FD-469C-A80F-9A941CA50D36}"
EndProject
Project("{FAE04EC0-301F-11D3-BF4B-00C04F79EFBC}") = "04_05OmzettenCijfersNaarCodes", "04_05OmzettenCijfersNaarCodes\04_05OmzettenCijfersNaarCodes.csproj", "{8E33128A-6EB1-4E28-8449-A82DA0CAF3DC}"
EndProject
Project("{FAE04EC0-301F-11D3-BF4B-00C04F79EFBC}") = "04_06Dobbelsteen", "04_06Dobbelsteen\04_06Dobbelsteen.csproj", "{D6BE9B7D-C34B-4EEA-A99E-E45A17DBCC03}"
EndProject
Project("{FAE04EC0-301F-11D3-BF4B-00C04F79EFBC}") = "04_07Uurwerk", "04_07Uurwerk\04_07Uurwerk.csproj", "{3E72203B-B106-4CEC-9A02-76DC2D3F81F4}"
EndProject
Project("{FAE04EC0-301F-11D3-BF4B-00C04F79EFBC}") = "04_08Shopping", "04_08Shopping\04_08Shopping.csproj", "{8A987CB2-3C23-4C12-9220-940EEF5BC41B}"
EndProject
Project("{FAE04EC0-301F-11D3-BF4B-00C04F79EFBC}") = "04_09Ratten", "04_09Ratten\04_09Ratten.csproj", "{E9686B95-ACFF-4499-BA38-F43747FA3945}"
EndProject
Project("{FAE04EC0-301F-11D3-BF4B-00C04F79EFBC}") = "04_10Vermenigvuldiging", "04_10Vermenigvuldiging\04_10Vermenigvuldiging.csproj", "{CB554F38-F847-4295-A3D4-D86707B93E5A}"
EndProject
Project("{FAE04EC0-301F-11D3-BF4B-00C04F79EFBC}") = "04_11VermenigvuldigingsVierkant", "04_11VermenigvuldigingsVierkant\04_11VermenigvuldigingsVierkant.csproj", "{8AD76BE3-F94B-4388-B245-A0F2A86D9C4B}"
EndProject
Project("{FAE04EC0-301F-11D3-BF4B-00C04F79EFBC}") = "04_12InvoerenGetallenPriemgetallen", "04_12InvoerenGetallen\04_12InvoerenGetallenPriemgetallen.csproj", "{313E9050-8CF7-4407-987F-4672CAC6B7CC}"
EndProject
Project("{FAE04EC0-301F-11D3-BF4B-00C04F79EFBC}") = "04_26Dobbelstenen", "04_26Dobbelstenen\04_26Dobbelstenen.csproj", "{4D94C277-87FC-4127-B3E8-D30A5F562BD7}"
EndProject
Project("{FAE04EC0-301F-11D3-BF4B-00C04F79EFBC}") = "04_27Temperaturen", "04_27Temperaturen\04_27Temperaturen.csproj", "{D94CE553-CFEE-465B-83E8-95C979760575}"
EndProject
Project("{FAE04EC0-301F-11D3-BF4B-00C04F79EFBC}") = "04_28Examens", "04_28Examens\04_28Examens.csproj", "{CAF4DE20-491D-4F9C-8FFB-AC19EA186F4F}"
EndProject
Project("{FAE04EC0-301F-11D3-BF4B-00C04F79EFBC}") = "04_29Lidgeld", "04_29Lidgeld\04_29Lidgeld.csproj", "{89A2EA14-B60C-4ED1-A5AB-20DF24AA84D9}"
EndProject
Global
	GlobalSection(SolutionConfigurationPlatforms) = preSolution
		Debug|Any CPU = Debug|Any CPU
		Release|Any CPU = Release|Any CPU
	EndGlobalSection
	GlobalSection(ProjectConfigurationPlatforms) = postSolution
		{2646E53D-8165-4B5C-8BC8-C43ACFA05F34}.Debug|Any CPU.ActiveCfg = Debug|Any CPU
		{2646E53D-8165-4B5C-8BC8-C43ACFA05F34}.Debug|Any CPU.Build.0 = Debug|Any CPU
		{2646E53D-8165-4B5C-8BC8-C43ACFA05F34}.Release|Any CPU.ActiveCfg = Release|Any CPU
		{2646E53D-8165-4B5C-8BC8-C43ACFA05F34}.Release|Any CPU.Build.0 = Release|Any CPU
		{8EFE23DC-5341-4A51-A2A7-4D0BC1128AF0}.Debug|Any CPU.ActiveCfg = Debug|Any CPU
		{8EFE23DC-5341-4A51-A2A7-4D0BC1128AF0}.Debug|Any CPU.Build.0 = Debug|Any CPU
		{8EFE23DC-5341-4A51-A2A7-4D0BC1128AF0}.Release|Any CPU.ActiveCfg = Release|Any CPU
		{8EFE23DC-5341-4A51-A2A7-4D0BC1128AF0}.Release|Any CPU.Build.0 = Release|Any CPU
		{5E7F968A-AE7B-4C76-A535-CDB57D7B8082}.Debug|Any CPU.ActiveCfg = Debug|Any CPU
		{5E7F968A-AE7B-4C76-A535-CDB57D7B8082}.Debug|Any CPU.Build.0 = Debug|Any CPU
		{5E7F968A-AE7B-4C76-A535-CDB57D7B8082}.Release|Any CPU.ActiveCfg = Release|Any CPU
		{5E7F968A-AE7B-4C76-A535-CDB57D7B8082}.Release|Any CPU.Build.0 = Release|Any CPU
		{C13008BE-B4FD-469C-A80F-9A941CA50D36}.Debug|Any CPU.ActiveCfg = Debug|Any CPU
		{C13008BE-B4FD-469C-A80F-9A941CA50D36}.Debug|Any CPU.Build.0 = Debug|Any CPU
		{C13008BE-B4FD-469C-A80F-9A941CA50D36}.Release|Any CPU.ActiveCfg = Release|Any CPU
		{C13008BE-B4FD-469C-A80F-9A941CA50D36}.Release|Any CPU.Build.0 = Release|Any CPU
		{8E33128A-6EB1-4E28-8449-A82DA0CAF3DC}.Debug|Any CPU.ActiveCfg = Debug|Any CPU
		{8E33128A-6EB1-4E28-8449-A82DA0CAF3DC}.Debug|Any CPU.Build.0 = Debug|Any CPU
		{8E33128A-6EB1-4E28-8449-A82DA0CAF3DC}.Release|Any CPU.ActiveCfg = Release|Any CPU
		{8E33128A-6EB1-4E28-8449-A82DA0CAF3DC}.Release|Any CPU.Build.0 = Release|Any CPU
		{D6BE9B7D-C34B-4EEA-A99E-E45A17DBCC03}.Debug|Any CPU.ActiveCfg = Debug|Any CPU
		{D6BE9B7D-C34B-4EEA-A99E-E45A17DBCC03}.Debug|Any CPU.Build.0 = Debug|Any CPU
		{D6BE9B7D-C34B-4EEA-A99E-E45A17DBCC03}.Release|Any CPU.ActiveCfg = Release|Any CPU
		{D6BE9B7D-C34B-4EEA-A99E-E45A17DBCC03}.Release|Any CPU.Build.0 = Release|Any CPU
		{3E72203B-B106-4CEC-9A02-76DC2D3F81F4}.Debug|Any CPU.ActiveCfg = Debug|Any CPU
		{3E72203B-B106-4CEC-9A02-76DC2D3F81F4}.Debug|Any CPU.Build.0 = Debug|Any CPU
		{3E72203B-B106-4CEC-9A02-76DC2D3F81F4}.Release|Any CPU.ActiveCfg = Release|Any CPU
		{3E72203B-B106-4CEC-9A02-76DC2D3F81F4}.Release|Any CPU.Build.0 = Release|Any CPU
		{8A987CB2-3C23-4C12-9220-940EEF5BC41B}.Debug|Any CPU.ActiveCfg = Debug|Any CPU
		{8A987CB2-3C23-4C12-9220-940EEF5BC41B}.Debug|Any CPU.Build.0 = Debug|Any CPU
		{8A987CB2-3C23-4C12-9220-940EEF5BC41B}.Release|Any CPU.ActiveCfg = Release|Any CPU
		{8A987CB2-3C23-4C12-9220-940EEF5BC41B}.Release|Any CPU.Build.0 = Release|Any CPU
		{E9686B95-ACFF-4499-BA38-F43747FA3945}.Debug|Any CPU.ActiveCfg = Debug|Any CPU
		{E9686B95-ACFF-4499-BA38-F43747FA3945}.Debug|Any CPU.Build.0 = Debug|Any CPU
		{E9686B95-ACFF-4499-BA38-F43747FA3945}.Release|Any CPU.ActiveCfg = Release|Any CPU
		{E9686B95-ACFF-4499-BA38-F43747FA3945}.Release|Any CPU.Build.0 = Release|Any CPU
		{CB554F38-F847-4295-A3D4-D86707B93E5A}.Debug|Any CPU.ActiveCfg = Debug|Any CPU
		{CB554F38-F847-4295-A3D4-D86707B93E5A}.Debug|Any CPU.Build.0 = Debug|Any CPU
		{CB554F38-F847-4295-A3D4-D86707B93E5A}.Release|Any CPU.ActiveCfg = Release|Any CPU
		{CB554F38-F847-4295-A3D4-D86707B93E5A}.Release|Any CPU.Build.0 = Release|Any CPU
		{8AD76BE3-F94B-4388-B245-A0F2A86D9C4B}.Debug|Any CPU.ActiveCfg = Debug|Any CPU
		{8AD76BE3-F94B-4388-B245-A0F2A86D9C4B}.Debug|Any CPU.Build.0 = Debug|Any CPU
		{8AD76BE3-F94B-4388-B245-A0F2A86D9C4B}.Release|Any CPU.ActiveCfg = Release|Any CPU
		{8AD76BE3-F94B-4388-B245-A0F2A86D9C4B}.Release|Any CPU.Build.0 = Release|Any CPU
		{313E9050-8CF7-4407-987F-4672CAC6B7CC}.Debug|Any CPU.ActiveCfg = Debug|Any CPU
		{313E9050-8CF7-4407-987F-4672CAC6B7CC}.Debug|Any CPU.Build.0 = Debug|Any CPU
		{313E9050-8CF7-4407-987F-4672CAC6B7CC}.Release|Any CPU.ActiveCfg = Release|Any CPU
		{313E9050-8CF7-4407-987F-4672CAC6B7CC}.Release|Any CPU.Build.0 = Release|Any CPU
		{4D94C277-87FC-4127-B3E8-D30A5F562BD7}.Debug|Any CPU.ActiveCfg = Debug|Any CPU
		{4D94C277-87FC-4127-B3E8-D30A5F562BD7}.Debug|Any CPU.Build.0 = Debug|Any CPU
		{4D94C277-87FC-4127-B3E8-D30A5F562BD7}.Release|Any CPU.ActiveCfg = Release|Any CPU
		{4D94C277-87FC-4127-B3E8-D30A5F562BD7}.Release|Any CPU.Build.0 = Release|Any CPU
		{D94CE553-CFEE-465B-83E8-95C979760575}.Debug|Any CPU.ActiveCfg = Debug|Any CPU
		{D94CE553-CFEE-465B-83E8-95C979760575}.Debug|Any CPU.Build.0 = Debug|Any CPU
		{D94CE553-CFEE-465B-83E8-95C979760575}.Release|Any CPU.ActiveCfg = Release|Any CPU
		{D94CE553-CFEE-465B-83E8-95C979760575}.Release|Any CPU.Build.0 = Release|Any CPU
		{CAF4DE20-491D-4F9C-8FFB-AC19EA186F4F}.Debug|Any CPU.ActiveCfg = Debug|Any CPU
		{CAF4DE20-491D-4F9C-8FFB-AC19EA186F4F}.Debug|Any CPU.Build.0 = Debug|Any CPU
		{CAF4DE20-491D-4F9C-8FFB-AC19EA186F4F}.Release|Any CPU.ActiveCfg = Release|Any CPU
		{CAF4DE20-491D-4F9C-8FFB-AC19EA186F4F}.Release|Any CPU.Build.0 = Release|Any CPU
		{89A2EA14-B60C-4ED1-A5AB-20DF24AA84D9}.Debug|Any CPU.ActiveCfg = Debug|Any CPU
		{89A2EA14-B60C-4ED1-A5AB-20DF24AA84D9}.Debug|Any CPU.Build.0 = Debug|Any CPU
		{89A2EA14-B60C-4ED1-A5AB-20DF24AA84D9}.Release|Any CPU.ActiveCfg = Release|Any CPU
		{89A2EA14-B60C-4ED1-A5AB-20DF24AA84D9}.Release|Any CPU.Build.0 = Release|Any CPU
	EndGlobalSection
	GlobalSection(SolutionProperties) = preSolution
		HideSolutionNode = FALSE
	EndGlobalSection
	GlobalSection(ExtensibilityGlobals) = postSolution
		SolutionGuid = {9862CDB4-9FF5-4D86-9159-D5B75FCD52DB}
	EndGlobalSection
EndGlobal
