
Microsoft Visual Studio Solution File, Format Version 12.00
# Visual Studio Version 16
VisualStudioVersion = 16.0.29306.81
MinimumVisualStudioVersion = 10.0.40219.1
Project("{FAE04EC0-301F-11D3-BF4B-00C04F79EFBC}") = "HZ les 4", "HZ les 4.csproj", "{C620D406-2A36-4E12-A61E-BC3E76F53854}"
EndProject
Global
	GlobalSection(SolutionConfigurationPlatforms) = preSolution
		Debug|Any CPU = Debug|Any CPU
		Release|Any CPU = Release|Any CPU
	EndGlobalSection
	GlobalSection(ProjectConfigurationPlatforms) = postSolution
		{C620D406-2A36-4E12-A61E-BC3E76F53854}.Debug|Any CPU.ActiveCfg = Debug|Any CPU
		{C620D406-2A36-4E12-A61E-BC3E76F53854}.Debug|Any CPU.Build.0 = Debug|Any CPU
		{C620D406-2A36-4E12-A61E-BC3E76F53854}.Release|Any CPU.ActiveCfg = Release|Any CPU
		{C620D406-2A36-4E12-A61E-BC3E76F53854}.Release|Any CPU.Build.0 = Release|Any CPU
	EndGlobalSection
	GlobalSection(SolutionProperties) = preSolution
		HideSolutionNode = FALSE
	EndGlobalSection
	GlobalSection(ExtensibilityGlobals) = postSolution
		SolutionGuid = {2DE35A14-9369-4DED-A325-683E6E0A53A8}
	EndGlobalSection
EndGlobal
