
Microsoft Visual Studio Solution File, Format Version 12.00
# Visual Studio Version 16
VisualStudioVersion = 16.0.29306.81
MinimumVisualStudioVersion = 10.0.40219.1
Project("{9A19103F-16F7-4668-BE54-9A1E7A4F7556}") = "3", "3.\3.csproj", "{D1F0A7F3-8969-4A4E-8CF4-AD28F68CD066}"
EndProject
Project("{9A19103F-16F7-4668-BE54-9A1E7A4F7556}") = "1EenvoudigeSortering", "1EenvoudigeSortering\1EenvoudigeSortering.csproj", "{8E70F4CB-D953-4400-A932-58EEA4EBD637}"
EndProject
Project("{9A19103F-16F7-4668-BE54-9A1E7A4F7556}") = "2.CirkelRechthoekVierkant", "2.CirkelRechthoekVierkant\2.CirkelRechthoekVierkant.csproj", "{26A9CB88-0FDA-42AE-8B05-DC01067A180F}"
EndProject
Global
	GlobalSection(SolutionConfigurationPlatforms) = preSolution
		Debug|Any CPU = Debug|Any CPU
		Release|Any CPU = Release|Any CPU
	EndGlobalSection
	GlobalSection(ProjectConfigurationPlatforms) = postSolution
		{D1F0A7F3-8969-4A4E-8CF4-AD28F68CD066}.Debug|Any CPU.ActiveCfg = Debug|Any CPU
		{D1F0A7F3-8969-4A4E-8CF4-AD28F68CD066}.Debug|Any CPU.Build.0 = Debug|Any CPU
		{D1F0A7F3-8969-4A4E-8CF4-AD28F68CD066}.Release|Any CPU.ActiveCfg = Release|Any CPU
		{D1F0A7F3-8969-4A4E-8CF4-AD28F68CD066}.Release|Any CPU.Build.0 = Release|Any CPU
		{8E70F4CB-D953-4400-A932-58EEA4EBD637}.Debug|Any CPU.ActiveCfg = Debug|Any CPU
		{8E70F4CB-D953-4400-A932-58EEA4EBD637}.Debug|Any CPU.Build.0 = Debug|Any CPU
		{8E70F4CB-D953-4400-A932-58EEA4EBD637}.Release|Any CPU.ActiveCfg = Release|Any CPU
		{8E70F4CB-D953-4400-A932-58EEA4EBD637}.Release|Any CPU.Build.0 = Release|Any CPU
		{26A9CB88-0FDA-42AE-8B05-DC01067A180F}.Debug|Any CPU.ActiveCfg = Debug|Any CPU
		{26A9CB88-0FDA-42AE-8B05-DC01067A180F}.Debug|Any CPU.Build.0 = Debug|Any CPU
		{26A9CB88-0FDA-42AE-8B05-DC01067A180F}.Release|Any CPU.ActiveCfg = Release|Any CPU
		{26A9CB88-0FDA-42AE-8B05-DC01067A180F}.Release|Any CPU.Build.0 = Release|Any CPU
	EndGlobalSection
	GlobalSection(SolutionProperties) = preSolution
		HideSolutionNode = FALSE
	EndGlobalSection
	GlobalSection(ExtensibilityGlobals) = postSolution
		SolutionGuid = {C8B883A8-626B-46D3-B702-A2974483E100}
	EndGlobalSection
EndGlobal
