
Microsoft Visual Studio Solution File, Format Version 12.00
# Visual Studio Version 16
VisualStudioVersion = 16.0.29306.81
MinimumVisualStudioVersion = 10.0.40219.1
Project("{FAE04EC0-301F-11D3-BF4B-00C04F79EFBC}") = "les5", "les5.csproj", "{BC63FB3D-3048-488B-A7B1-7D185D080350}"
EndProject
Global
	GlobalSection(SolutionConfigurationPlatforms) = preSolution
		Debug|Any CPU = Debug|Any CPU
		Release|Any CPU = Release|Any CPU
	EndGlobalSection
	GlobalSection(ProjectConfigurationPlatforms) = postSolution
		{BC63FB3D-3048-488B-A7B1-7D185D080350}.Debug|Any CPU.ActiveCfg = Debug|Any CPU
		{BC63FB3D-3048-488B-A7B1-7D185D080350}.Debug|Any CPU.Build.0 = Debug|Any CPU
		{BC63FB3D-3048-488B-A7B1-7D185D080350}.Release|Any CPU.ActiveCfg = Release|Any CPU
		{BC63FB3D-3048-488B-A7B1-7D185D080350}.Release|Any CPU.Build.0 = Release|Any CPU
	EndGlobalSection
	GlobalSection(SolutionProperties) = preSolution
		HideSolutionNode = FALSE
	EndGlobalSection
	GlobalSection(ExtensibilityGlobals) = postSolution
		SolutionGuid = {95F743B2-F524-4362-B7B7-D3150FA54B59}
	EndGlobalSection
EndGlobal
