
Microsoft Visual Studio Solution File, Format Version 12.00
# Visual Studio Version 16
VisualStudioVersion = 16.0.29306.81
MinimumVisualStudioVersion = 10.0.40219.1
Project("{FAE04EC0-301F-11D3-BF4B-00C04F79EFBC}") = "ErsteProject", "ErsteProject.csproj", "{23064BE1-E507-46CC-948C-C40132FE1449}"
EndProject
Global
	GlobalSection(SolutionConfigurationPlatforms) = preSolution
		Debug|Any CPU = Debug|Any CPU
		Release|Any CPU = Release|Any CPU
	EndGlobalSection
	GlobalSection(ProjectConfigurationPlatforms) = postSolution
		{23064BE1-E507-46CC-948C-C40132FE1449}.Debug|Any CPU.ActiveCfg = Debug|Any CPU
		{23064BE1-E507-46CC-948C-C40132FE1449}.Debug|Any CPU.Build.0 = Debug|Any CPU
		{23064BE1-E507-46CC-948C-C40132FE1449}.Release|Any CPU.ActiveCfg = Release|Any CPU
		{23064BE1-E507-46CC-948C-C40132FE1449}.Release|Any CPU.Build.0 = Release|Any CPU
	EndGlobalSection
	GlobalSection(SolutionProperties) = preSolution
		HideSolutionNode = FALSE
	EndGlobalSection
	GlobalSection(ExtensibilityGlobals) = postSolution
		SolutionGuid = {DD571B9C-FB8F-45FB-B192-0A9FEAAC7E1D}
	EndGlobalSection
EndGlobal
